
Microsoft Visual Studio Solution File, Format Version 12.00
# Visual Studio 15
VisualStudioVersion = 15.0.28010.2046
MinimumVisualStudioVersion = 10.0.40219.1
Project("{FAE04EC0-301F-11D3-BF4B-00C04F79EFBC}") = "GeneticalAlgorithms", "GeneticalAlgorithms\GeneticalAlgorithms.csproj", "{E4C50C3B-8CA3-4DDB-A2D9-62F8F09A74B9}"
EndProject
Project("{FAE04EC0-301F-11D3-BF4B-00C04F79EFBC}") = "GeneticalAlgorithms.Core", "GeneticalAlgorithms.Core\GeneticalAlgorithms.Core.csproj", "{115852BE-91D2-4F41-9031-BC94DED02F6B}"
EndProject
Global
	GlobalSection(SolutionConfigurationPlatforms) = preSolution
		Debug|Any CPU = Debug|Any CPU
		Release|Any CPU = Release|Any CPU
	EndGlobalSection
	GlobalSection(ProjectConfigurationPlatforms) = postSolution
		{E4C50C3B-8CA3-4DDB-A2D9-62F8F09A74B9}.Debug|Any CPU.ActiveCfg = Debug|Any CPU
		{E4C50C3B-8CA3-4DDB-A2D9-62F8F09A74B9}.Debug|Any CPU.Build.0 = Debug|Any CPU
		{E4C50C3B-8CA3-4DDB-A2D9-62F8F09A74B9}.Release|Any CPU.ActiveCfg = Release|Any CPU
		{E4C50C3B-8CA3-4DDB-A2D9-62F8F09A74B9}.Release|Any CPU.Build.0 = Release|Any CPU
		{115852BE-91D2-4F41-9031-BC94DED02F6B}.Debug|Any CPU.ActiveCfg = Debug|Any CPU
		{115852BE-91D2-4F41-9031-BC94DED02F6B}.Debug|Any CPU.Build.0 = Debug|Any CPU
		{115852BE-91D2-4F41-9031-BC94DED02F6B}.Release|Any CPU.ActiveCfg = Release|Any CPU
		{115852BE-91D2-4F41-9031-BC94DED02F6B}.Release|Any CPU.Build.0 = Release|Any CPU
	EndGlobalSection
	GlobalSection(SolutionProperties) = preSolution
		HideSolutionNode = FALSE
	EndGlobalSection
	GlobalSection(ExtensibilityGlobals) = postSolution
		SolutionGuid = {60FAB5DC-6082-418A-AE1C-5151A7376EC6}
	EndGlobalSection
EndGlobal
